
Microsoft Visual Studio Solution File, Format Version 12.00
# Visual Studio Version 16
VisualStudioVersion = 16.0.30413.136
MinimumVisualStudioVersion = 10.0.40219.1
Project("{8BC9CEB8-8B4A-11D0-8D11-00A0C91BC942}") = "TestAPP", "TestAPP\TestAPP.vcxproj", "{6207D316-AA30-4532-9B15-636305A18A36}"
EndProject
Global
	GlobalSection(SolutionConfigurationPlatforms) = preSolution
		Debug|x64 = Debug|x64
		Debug|x86 = Debug|x86
		Release|x64 = Release|x64
		Release|x86 = Release|x86
	EndGlobalSection
	GlobalSection(ProjectConfigurationPlatforms) = postSolution
		{6207D316-AA30-4532-9B15-636305A18A36}.Debug|x64.ActiveCfg = Debug|x64
		{6207D316-AA30-4532-9B15-636305A18A36}.Debug|x64.Build.0 = Debug|x64
		{6207D316-AA30-4532-9B15-636305A18A36}.Debug|x86.ActiveCfg = Debug|Win32
		{6207D316-AA30-4532-9B15-636305A18A36}.Debug|x86.Build.0 = Debug|Win32
		{6207D316-AA30-4532-9B15-636305A18A36}.Release|x64.ActiveCfg = Release|x64
		{6207D316-AA30-4532-9B15-636305A18A36}.Release|x64.Build.0 = Release|x64
		{6207D316-AA30-4532-9B15-636305A18A36}.Release|x86.ActiveCfg = Release|Win32
		{6207D316-AA30-4532-9B15-636305A18A36}.Release|x86.Build.0 = Release|Win32
	EndGlobalSection
	GlobalSection(SolutionProperties) = preSolution
		HideSolutionNode = FALSE
	EndGlobalSection
	GlobalSection(ExtensibilityGlobals) = postSolution
		SolutionGuid = {D5BFE2EF-AC36-4E73-8C82-6220F5891E6F}
	EndGlobalSection
EndGlobal
